{
  "version": 4,
  "terraform_version": "1.11.2",
  "serial": 1,
  "lineage": "c22122ff-db8a-8fb6-de43-053f072f65d5",
  "outputs": {
    "aws_dynamodb_table_tfer--ImageMetadata_id": {
      "value": "ImageMetadata",
      "type": "string"
    }
  },
  "resources": [
    {
      "mode": "managed",
      "type": "aws_dynamodb_table",
      "name": "tfer--ImageMetadata",
      "provider": "provider[\"registry.terraform.io/-/aws\"]",
      "instances": [
        {
          "schema_version": 1,
          "attributes_flat": {
            "arn": "arn:aws:dynamodb:us-east-2:982534391787:table/ImageMetadata",
            "attribute.#": "3",
            "attribute.0.name": "created_at",
            "attribute.0.type": "S",
            "attribute.1.name": "file_key",
            "attribute.1.type": "S",
            "attribute.2.name": "username",
            "attribute.2.type": "S",
            "billing_mode": "PAY_PER_REQUEST",
            "deletion_protection_enabled": "false",
            "global_secondary_index.#": "2",
            "global_secondary_index.0.hash_key": "created_at",
            "global_secondary_index.0.name": "CreatedAtIndex",
            "global_secondary_index.0.non_key_attributes.#": "0",
            "global_secondary_index.0.on_demand_throughput.#": "0",
            "global_secondary_index.0.projection_type": "ALL",
            "global_secondary_index.0.range_key": "",
            "global_secondary_index.0.read_capacity": "0",
            "global_secondary_index.0.write_capacity": "0",
            "global_secondary_index.1.hash_key": "username",
            "global_secondary_index.1.name": "username-index",
            "global_secondary_index.1.non_key_attributes.#": "0",
            "global_secondary_index.1.on_demand_throughput.#": "0",
            "global_secondary_index.1.projection_type": "ALL",
            "global_secondary_index.1.range_key": "created_at",
            "global_secondary_index.1.read_capacity": "0",
            "global_secondary_index.1.write_capacity": "0",
            "hash_key": "file_key",
            "id": "ImageMetadata",
            "local_secondary_index.#": "0",
            "name": "ImageMetadata",
            "on_demand_throughput.#": "0",
            "point_in_time_recovery.#": "1",
            "point_in_time_recovery.0.enabled": "false",
            "read_capacity": "0",
            "replica.#": "0",
            "server_side_encryption.#": "0",
            "stream_arn": "",
            "stream_enabled": "false",
            "stream_label": "",
            "stream_view_type": "",
            "table_class": "STANDARD",
            "tags.%": "0",
            "tags_all.%": "0",
            "ttl.#": "1",
            "ttl.0.attribute_name": "",
            "ttl.0.enabled": "false",
            "write_capacity": "0"
          },
          "sensitive_attributes": []
        }
      ]
    }
  ],
  "check_results": null
}
