{
  "version": 4,
  "terraform_version": "1.11.2",
  "serial": 1,
  "lineage": "6e8715ac-9caf-961a-83cf-b8c56e5119b8",
  "outputs": {
    "aws_cognito_user_pool_tfer--photo-002D-app-002D-users_id": {
      "value": "us-east-2_TzkigiVML",
      "type": "string"
    }
  },
  "resources": [
    {
      "mode": "managed",
      "type": "aws_cognito_user_pool",
      "name": "tfer--photo-002D-app-002D-users",
      "provider": "provider[\"registry.terraform.io/-/aws\"]",
      "instances": [
        {
          "schema_version": 0,
          "attributes_flat": {
            "account_recovery_setting.#": "1",
            "account_recovery_setting.0.recovery_mechanism.#": "1",
            "account_recovery_setting.0.recovery_mechanism.0.name": "verified_email",
            "account_recovery_setting.0.recovery_mechanism.0.priority": "1",
            "admin_create_user_config.#": "1",
            "admin_create_user_config.0.allow_admin_create_user_only": "true",
            "admin_create_user_config.0.invite_message_template.#": "0",
            "arn": "arn:aws:cognito-idp:us-east-2:982534391787:userpool/us-east-2_TzkigiVML",
            "auto_verified_attributes.#": "1",
            "auto_verified_attributes.0": "email",
            "creation_date": "2024-11-19T00:24:05Z",
            "custom_domain": "",
            "deletion_protection": "ACTIVE",
            "device_configuration.#": "0",
            "domain": "dm123",
            "email_configuration.#": "1",
            "email_configuration.0.configuration_set": "",
            "email_configuration.0.email_sending_account": "COGNITO_DEFAULT",
            "email_configuration.0.from_email_address": "",
            "email_configuration.0.reply_to_email_address": "",
            "email_configuration.0.source_arn": "",
            "email_mfa_configuration.#": "0",
            "email_verification_message": "",
            "email_verification_subject": "",
            "endpoint": "cognito-idp.us-east-2.amazonaws.com/us-east-2_TzkigiVML",
            "estimated_number_of_users": "2",
            "id": "us-east-2_TzkigiVML",
            "lambda_config.#": "0",
            "last_modified_date": "2024-11-19T00:24:05Z",
            "mfa_configuration": "ON",
            "name": "photo-app-users",
            "password_policy.#": "1",
            "password_policy.0.minimum_length": "8",
            "password_policy.0.password_history_size": "0",
            "password_policy.0.require_lowercase": "true",
            "password_policy.0.require_numbers": "true",
            "password_policy.0.require_symbols": "true",
            "password_policy.0.require_uppercase": "true",
            "password_policy.0.temporary_password_validity_days": "7",
            "schema.#": "1",
            "schema.0.attribute_data_type": "String",
            "schema.0.developer_only_attribute": "false",
            "schema.0.mutable": "true",
            "schema.0.name": "email",
            "schema.0.number_attribute_constraints.#": "0",
            "schema.0.required": "true",
            "schema.0.string_attribute_constraints.#": "1",
            "schema.0.string_attribute_constraints.0.max_length": "2048",
            "schema.0.string_attribute_constraints.0.min_length": "0",
            "sign_in_policy.#": "1",
            "sign_in_policy.0.allowed_first_auth_factors.#": "1",
            "sign_in_policy.0.allowed_first_auth_factors.0": "PASSWORD",
            "sms_authentication_message": "",
            "sms_configuration.#": "0",
            "sms_verification_message": "",
            "software_token_mfa_configuration.#": "1",
            "software_token_mfa_configuration.0.enabled": "true",
            "tags.%": "0",
            "tags_all.%": "0",
            "user_attribute_update_settings.#": "1",
            "user_attribute_update_settings.0.attributes_require_verification_before_update.#": "1",
            "user_attribute_update_settings.0.attributes_require_verification_before_update.0": "email",
            "user_pool_add_ons.#": "0",
            "user_pool_tier": "LITE",
            "username_attributes.#": "1",
            "username_attributes.0": "email",
            "username_configuration.#": "1",
            "username_configuration.0.case_sensitive": "false",
            "verification_message_template.#": "1",
            "verification_message_template.0.default_email_option": "CONFIRM_WITH_CODE",
            "verification_message_template.0.email_message": "",
            "verification_message_template.0.email_message_by_link": "",
            "verification_message_template.0.email_subject": "",
            "verification_message_template.0.email_subject_by_link": "",
            "verification_message_template.0.sms_message": "",
            "web_authn_configuration.#": "0"
          },
          "sensitive_attributes": []
        }
      ]
    }
  ],
  "check_results": null
}
