{
  "version": 4,
  "terraform_version": "1.11.2",
  "serial": 1,
  "lineage": "2444b233-d09d-d1c9-8a9b-36c3731ce88d",
  "outputs": {
    "aws_lambda_function_tfer--dbStats_id": {
      "value": "arn:aws:lambda:us-east-2:982534391787:function:dbStats",
      "type": "string"
    },
    "aws_lambda_function_tfer--deleteImage_id": {
      "value": "arn:aws:lambda:us-east-2:982534391787:function:deleteImage",
      "type": "string"
    },
    "aws_lambda_function_tfer--downloadImage_id": {
      "value": "arn:aws:lambda:us-east-2:982534391787:function:downloadImage",
      "type": "string"
    },
    "aws_lambda_function_tfer--imageProcessing_id": {
      "value": "arn:aws:lambda:us-east-2:982534391787:function:imageProcessing",
      "type": "string"
    },
    "aws_lambda_function_tfer--listImages_id": {
      "value": "arn:aws:lambda:us-east-2:982534391787:function:listImages",
      "type": "string"
    },
    "aws_lambda_function_tfer--saveMetadata_id": {
      "value": "arn:aws:lambda:us-east-2:982534391787:function:saveMetadata",
      "type": "string"
    },
    "aws_lambda_function_tfer--uploadImage_id": {
      "value": "arn:aws:lambda:us-east-2:982534391787:function:uploadImage",
      "type": "string"
    }
  },
  "resources": [
    {
      "mode": "managed",
      "type": "aws_lambda_function",
      "name": "tfer--dbStats",
      "provider": "provider[\"registry.terraform.io/-/aws\"]",
      "instances": [
        {
          "schema_version": 0,
          "attributes_flat": {
            "architectures.#": "1",
            "architectures.0": "x86_64",
            "arn": "arn:aws:lambda:us-east-2:982534391787:function:dbStats",
            "code_sha256": "Z5+KgXE40pLpw/L/s9PVJWJAJ6K3THyc6Tsk7apiVNA=",
            "code_signing_config_arn": "",
            "dead_letter_config.#": "0",
            "description": "",
            "environment.#": "0",
            "ephemeral_storage.#": "1",
            "ephemeral_storage.0.size": "512",
            "file_system_config.#": "0",
            "function_name": "dbStats",
            "handler": "lambda_function.lambda_handler",
            "id": "arn:aws:lambda:us-east-2:982534391787:function:dbStats",
            "image_config.#": "0",
            "image_uri": "",
            "invoke_arn": "arn:aws:apigateway:us-east-2:lambda:path/2015-03-31/functions/arn:aws:lambda:us-east-2:982534391787:function:dbStats/invocations",
            "kms_key_arn": "",
            "last_modified": "2024-12-15T11:40:44.000+0000",
            "layers.#": "0",
            "logging_config.#": "1",
            "logging_config.0.application_log_level": "",
            "logging_config.0.log_format": "Text",
            "logging_config.0.log_group": "/aws/lambda/dbStats",
            "logging_config.0.system_log_level": "",
            "memory_size": "128",
            "package_type": "Zip",
            "qualified_arn": "arn:aws:lambda:us-east-2:982534391787:function:dbStats:$LATEST",
            "qualified_invoke_arn": "arn:aws:apigateway:us-east-2:lambda:path/2015-03-31/functions/arn:aws:lambda:us-east-2:982534391787:function:dbStats:$LATEST/invocations",
            "reserved_concurrent_executions": "-1",
            "role": "arn:aws:iam::982534391787:role/service-role/dbStats-role-f70utei1",
            "runtime": "python3.13",
            "signing_job_arn": "",
            "signing_profile_version_arn": "",
            "skip_destroy": "false",
            "snap_start.#": "0",
            "source_code_hash": "",
            "source_code_size": "889",
            "tags.%": "0",
            "tags_all.%": "0",
            "timeout": "3",
            "tracing_config.#": "1",
            "tracing_config.0.mode": "PassThrough",
            "version": "$LATEST",
            "vpc_config.#": "0"
          },
          "sensitive_attributes": []
        }
      ]
    },
    {
      "mode": "managed",
      "type": "aws_lambda_function",
      "name": "tfer--deleteImage",
      "provider": "provider[\"registry.terraform.io/-/aws\"]",
      "instances": [
        {
          "schema_version": 0,
          "attributes_flat": {
            "architectures.#": "1",
            "architectures.0": "x86_64",
            "arn": "arn:aws:lambda:us-east-2:982534391787:function:deleteImage",
            "code_sha256": "NeMQq8epWmHmA2PBh3X+3Y+Bb0EZfFRd7EhodsbMXs4=",
            "code_signing_config_arn": "",
            "dead_letter_config.#": "0",
            "description": "",
            "environment.#": "0",
            "ephemeral_storage.#": "1",
            "ephemeral_storage.0.size": "512",
            "file_system_config.#": "0",
            "function_name": "deleteImage",
            "handler": "lambda_function.lambda_handler",
            "id": "arn:aws:lambda:us-east-2:982534391787:function:deleteImage",
            "image_config.#": "0",
            "image_uri": "",
            "invoke_arn": "arn:aws:apigateway:us-east-2:lambda:path/2015-03-31/functions/arn:aws:lambda:us-east-2:982534391787:function:deleteImage/invocations",
            "kms_key_arn": "",
            "last_modified": "2024-12-15T12:40:24.000+0000",
            "layers.#": "0",
            "logging_config.#": "1",
            "logging_config.0.application_log_level": "",
            "logging_config.0.log_format": "Text",
            "logging_config.0.log_group": "/aws/lambda/deleteImage",
            "logging_config.0.system_log_level": "",
            "memory_size": "128",
            "package_type": "Zip",
            "qualified_arn": "arn:aws:lambda:us-east-2:982534391787:function:deleteImage:$LATEST",
            "qualified_invoke_arn": "arn:aws:apigateway:us-east-2:lambda:path/2015-03-31/functions/arn:aws:lambda:us-east-2:982534391787:function:deleteImage:$LATEST/invocations",
            "reserved_concurrent_executions": "-1",
            "role": "arn:aws:iam::982534391787:role/service-role/deleteImage-role-yvdwi4cv",
            "runtime": "python3.13",
            "signing_job_arn": "",
            "signing_profile_version_arn": "",
            "skip_destroy": "false",
            "snap_start.#": "0",
            "source_code_hash": "",
            "source_code_size": "996",
            "tags.%": "0",
            "tags_all.%": "0",
            "timeout": "3",
            "tracing_config.#": "1",
            "tracing_config.0.mode": "PassThrough",
            "version": "$LATEST",
            "vpc_config.#": "0"
          },
          "sensitive_attributes": []
        }
      ]
    },
    {
      "mode": "managed",
      "type": "aws_lambda_function",
      "name": "tfer--downloadImage",
      "provider": "provider[\"registry.terraform.io/-/aws\"]",
      "instances": [
        {
          "schema_version": 0,
          "attributes_flat": {
            "architectures.#": "1",
            "architectures.0": "x86_64",
            "arn": "arn:aws:lambda:us-east-2:982534391787:function:downloadImage",
            "code_sha256": "oK+TntTe/kIz1RqVjdvU4F7S9eC1lHiCtbVHSNXfZvo=",
            "code_signing_config_arn": "",
            "dead_letter_config.#": "0",
            "description": "",
            "environment.#": "0",
            "ephemeral_storage.#": "1",
            "ephemeral_storage.0.size": "512",
            "file_system_config.#": "0",
            "function_name": "downloadImage",
            "handler": "lambda_function.lambda_handler",
            "id": "arn:aws:lambda:us-east-2:982534391787:function:downloadImage",
            "image_config.#": "0",
            "image_uri": "",
            "invoke_arn": "arn:aws:apigateway:us-east-2:lambda:path/2015-03-31/functions/arn:aws:lambda:us-east-2:982534391787:function:downloadImage/invocations",
            "kms_key_arn": "",
            "last_modified": "2024-12-15T01:11:47.000+0000",
            "layers.#": "0",
            "logging_config.#": "1",
            "logging_config.0.application_log_level": "",
            "logging_config.0.log_format": "Text",
            "logging_config.0.log_group": "/aws/lambda/downloadImage",
            "logging_config.0.system_log_level": "",
            "memory_size": "128",
            "package_type": "Zip",
            "qualified_arn": "arn:aws:lambda:us-east-2:982534391787:function:downloadImage:$LATEST",
            "qualified_invoke_arn": "arn:aws:apigateway:us-east-2:lambda:path/2015-03-31/functions/arn:aws:lambda:us-east-2:982534391787:function:downloadImage:$LATEST/invocations",
            "reserved_concurrent_executions": "-1",
            "role": "arn:aws:iam::982534391787:role/service-role/downloadImage-role-4tw2drvf",
            "runtime": "python3.13",
            "signing_job_arn": "",
            "signing_profile_version_arn": "",
            "skip_destroy": "false",
            "snap_start.#": "0",
            "source_code_hash": "",
            "source_code_size": "763",
            "tags.%": "0",
            "tags_all.%": "0",
            "timeout": "30",
            "tracing_config.#": "1",
            "tracing_config.0.mode": "PassThrough",
            "version": "$LATEST",
            "vpc_config.#": "0"
          },
          "sensitive_attributes": []
        }
      ]
    },
    {
      "mode": "managed",
      "type": "aws_lambda_function",
      "name": "tfer--imageProcessing",
      "provider": "provider[\"registry.terraform.io/-/aws\"]",
      "instances": [
        {
          "schema_version": 0,
          "attributes_flat": {
            "architectures.#": "1",
            "architectures.0": "x86_64",
            "arn": "arn:aws:lambda:us-east-2:982534391787:function:imageProcessing",
            "code_sha256": "2L1n9OUV+JeCPBpCGqwoTWWPYsgyRKg+tq1E6oICdjA=",
            "code_signing_config_arn": "",
            "dead_letter_config.#": "0",
            "description": "",
            "environment.#": "0",
            "ephemeral_storage.#": "1",
            "ephemeral_storage.0.size": "512",
            "file_system_config.#": "0",
            "function_name": "imageProcessing",
            "handler": "lambda_function.lambda_handler",
            "id": "arn:aws:lambda:us-east-2:982534391787:function:imageProcessing",
            "image_config.#": "0",
            "image_uri": "",
            "invoke_arn": "arn:aws:apigateway:us-east-2:lambda:path/2015-03-31/functions/arn:aws:lambda:us-east-2:982534391787:function:imageProcessing/invocations",
            "kms_key_arn": "",
            "last_modified": "2024-12-15T12:25:29.000+0000",
            "layers.#": "1",
            "layers.0": "arn:aws:lambda:us-east-2:770693421928:layer:Klayers-p312-pillow:1",
            "logging_config.#": "1",
            "logging_config.0.application_log_level": "",
            "logging_config.0.log_format": "Text",
            "logging_config.0.log_group": "/aws/lambda/imageProcessing",
            "logging_config.0.system_log_level": "",
            "memory_size": "128",
            "package_type": "Zip",
            "qualified_arn": "arn:aws:lambda:us-east-2:982534391787:function:imageProcessing:$LATEST",
            "qualified_invoke_arn": "arn:aws:apigateway:us-east-2:lambda:path/2015-03-31/functions/arn:aws:lambda:us-east-2:982534391787:function:imageProcessing:$LATEST/invocations",
            "reserved_concurrent_executions": "-1",
            "role": "arn:aws:iam::982534391787:role/service-role/imageProcessing-role-wud8h3a9",
            "runtime": "python3.12",
            "signing_job_arn": "",
            "signing_profile_version_arn": "",
            "skip_destroy": "false",
            "snap_start.#": "0",
            "source_code_hash": "",
            "source_code_size": "1428",
            "tags.%": "0",
            "tags_all.%": "0",
            "timeout": "3",
            "tracing_config.#": "1",
            "tracing_config.0.mode": "PassThrough",
            "version": "$LATEST",
            "vpc_config.#": "0"
          },
          "sensitive_attributes": []
        }
      ]
    },
    {
      "mode": "managed",
      "type": "aws_lambda_function",
      "name": "tfer--listImages",
      "provider": "provider[\"registry.terraform.io/-/aws\"]",
      "instances": [
        {
          "schema_version": 0,
          "attributes_flat": {
            "architectures.#": "1",
            "architectures.0": "x86_64",
            "arn": "arn:aws:lambda:us-east-2:982534391787:function:listImages",
            "code_sha256": "D8qRSwj4nkfidvKIvUTe9b+Rm7PouwtBgKGwqhMoNzc=",
            "code_signing_config_arn": "",
            "dead_letter_config.#": "0",
            "description": "",
            "environment.#": "0",
            "ephemeral_storage.#": "1",
            "ephemeral_storage.0.size": "512",
            "file_system_config.#": "0",
            "function_name": "listImages",
            "handler": "lambda_function.lambda_handler",
            "id": "arn:aws:lambda:us-east-2:982534391787:function:listImages",
            "image_config.#": "0",
            "image_uri": "",
            "invoke_arn": "arn:aws:apigateway:us-east-2:lambda:path/2015-03-31/functions/arn:aws:lambda:us-east-2:982534391787:function:listImages/invocations",
            "kms_key_arn": "",
            "last_modified": "2024-12-15T19:56:18.000+0000",
            "layers.#": "0",
            "logging_config.#": "1",
            "logging_config.0.application_log_level": "",
            "logging_config.0.log_format": "Text",
            "logging_config.0.log_group": "/aws/lambda/listImages",
            "logging_config.0.system_log_level": "",
            "memory_size": "128",
            "package_type": "Zip",
            "qualified_arn": "arn:aws:lambda:us-east-2:982534391787:function:listImages:$LATEST",
            "qualified_invoke_arn": "arn:aws:apigateway:us-east-2:lambda:path/2015-03-31/functions/arn:aws:lambda:us-east-2:982534391787:function:listImages:$LATEST/invocations",
            "reserved_concurrent_executions": "-1",
            "role": "arn:aws:iam::982534391787:role/service-role/listImages-role-yoifayic",
            "runtime": "python3.13",
            "signing_job_arn": "",
            "signing_profile_version_arn": "",
            "skip_destroy": "false",
            "snap_start.#": "0",
            "source_code_hash": "",
            "source_code_size": "744",
            "tags.%": "0",
            "tags_all.%": "0",
            "timeout": "3",
            "tracing_config.#": "1",
            "tracing_config.0.mode": "PassThrough",
            "version": "$LATEST",
            "vpc_config.#": "0"
          },
          "sensitive_attributes": []
        }
      ]
    },
    {
      "mode": "managed",
      "type": "aws_lambda_function",
      "name": "tfer--saveMetadata",
      "provider": "provider[\"registry.terraform.io/-/aws\"]",
      "instances": [
        {
          "schema_version": 0,
          "attributes_flat": {
            "architectures.#": "1",
            "architectures.0": "x86_64",
            "arn": "arn:aws:lambda:us-east-2:982534391787:function:saveMetadata",
            "code_sha256": "LUYlst0cp6Z9KrUn1ocwsMPZ+DBPub+mR9vZIr/IohY=",
            "code_signing_config_arn": "",
            "dead_letter_config.#": "0",
            "description": "",
            "environment.#": "0",
            "ephemeral_storage.#": "1",
            "ephemeral_storage.0.size": "512",
            "file_system_config.#": "0",
            "function_name": "saveMetadata",
            "handler": "lambda_function.lambda_handler",
            "id": "arn:aws:lambda:us-east-2:982534391787:function:saveMetadata",
            "image_config.#": "0",
            "image_uri": "",
            "invoke_arn": "arn:aws:apigateway:us-east-2:lambda:path/2015-03-31/functions/arn:aws:lambda:us-east-2:982534391787:function:saveMetadata/invocations",
            "kms_key_arn": "",
            "last_modified": "2024-12-14T23:00:52.000+0000",
            "layers.#": "0",
            "logging_config.#": "1",
            "logging_config.0.application_log_level": "",
            "logging_config.0.log_format": "Text",
            "logging_config.0.log_group": "/aws/lambda/saveMetadata",
            "logging_config.0.system_log_level": "",
            "memory_size": "128",
            "package_type": "Zip",
            "qualified_arn": "arn:aws:lambda:us-east-2:982534391787:function:saveMetadata:$LATEST",
            "qualified_invoke_arn": "arn:aws:apigateway:us-east-2:lambda:path/2015-03-31/functions/arn:aws:lambda:us-east-2:982534391787:function:saveMetadata:$LATEST/invocations",
            "reserved_concurrent_executions": "-1",
            "role": "arn:aws:iam::982534391787:role/service-role/saveMetadata-role-93wvo3mq",
            "runtime": "python3.13",
            "signing_job_arn": "",
            "signing_profile_version_arn": "",
            "skip_destroy": "false",
            "snap_start.#": "0",
            "source_code_hash": "",
            "source_code_size": "610",
            "tags.%": "0",
            "tags_all.%": "0",
            "timeout": "30",
            "tracing_config.#": "1",
            "tracing_config.0.mode": "PassThrough",
            "version": "$LATEST",
            "vpc_config.#": "0"
          },
          "sensitive_attributes": []
        }
      ]
    },
    {
      "mode": "managed",
      "type": "aws_lambda_function",
      "name": "tfer--uploadImage",
      "provider": "provider[\"registry.terraform.io/-/aws\"]",
      "instances": [
        {
          "schema_version": 0,
          "attributes_flat": {
            "architectures.#": "1",
            "architectures.0": "x86_64",
            "arn": "arn:aws:lambda:us-east-2:982534391787:function:uploadImage",
            "code_sha256": "14HoJlW3qeDZD+EtWGg/Am9lMEhtRt7FGKPm7yio+Pw=",
            "code_signing_config_arn": "",
            "dead_letter_config.#": "0",
            "description": "",
            "environment.#": "0",
            "ephemeral_storage.#": "1",
            "ephemeral_storage.0.size": "512",
            "file_system_config.#": "0",
            "function_name": "uploadImage",
            "handler": "lambda_function.lambda_handler",
            "id": "arn:aws:lambda:us-east-2:982534391787:function:uploadImage",
            "image_config.#": "0",
            "image_uri": "",
            "invoke_arn": "arn:aws:apigateway:us-east-2:lambda:path/2015-03-31/functions/arn:aws:lambda:us-east-2:982534391787:function:uploadImage/invocations",
            "kms_key_arn": "",
            "last_modified": "2024-12-14T23:11:58.000+0000",
            "layers.#": "0",
            "logging_config.#": "1",
            "logging_config.0.application_log_level": "",
            "logging_config.0.log_format": "Text",
            "logging_config.0.log_group": "/aws/lambda/uploadImage",
            "logging_config.0.system_log_level": "",
            "memory_size": "128",
            "package_type": "Zip",
            "qualified_arn": "arn:aws:lambda:us-east-2:982534391787:function:uploadImage:$LATEST",
            "qualified_invoke_arn": "arn:aws:apigateway:us-east-2:lambda:path/2015-03-31/functions/arn:aws:lambda:us-east-2:982534391787:function:uploadImage:$LATEST/invocations",
            "reserved_concurrent_executions": "-1",
            "role": "arn:aws:iam::982534391787:role/service-role/uploadImage-role-yvbgdsf9",
            "runtime": "python3.13",
            "signing_job_arn": "",
            "signing_profile_version_arn": "",
            "skip_destroy": "false",
            "snap_start.#": "0",
            "source_code_hash": "",
            "source_code_size": "697",
            "tags.%": "0",
            "tags_all.%": "0",
            "timeout": "3",
            "tracing_config.#": "1",
            "tracing_config.0.mode": "PassThrough",
            "version": "$LATEST",
            "vpc_config.#": "0"
          },
          "sensitive_attributes": []
        }
      ]
    }
  ],
  "check_results": null
}
